// !$*UTF8*$!
{
	archiveVersion = 1;
	classes = {
	};
	objectVersion = 46;
	objects = {

/* Begin PBXBuildFile section */
		FABD2CEB1E41651700BC6131 /* AppDelegate.swift in Sources */ = {isa = PBXBuildFile; fileRef = FABD2CEA1E41651700BC6131 /* AppDelegate.swift */; };
		FABD2CED1E41651700BC6131 /* ViewController.swift in Sources */ = {isa = PBXBuildFile; fileRef = FABD2CEC1E41651700BC6131 /* ViewController.swift */; };
		FABD2CF01E41651700BC6131 /* Main.storyboard in Resources */ = {isa = PBXBuildFile; fileRef = FABD2CEE1E41651700BC6131 /* Main.storyboard */; };
		FABD2CF21E41651700BC6131 /* Assets.xcassets in Resources */ = {isa = PBXBuildFile; fileRef = FABD2CF11E41651700BC6131 /* Assets.xcassets */; };
		FABD2CF51E41651700BC6131 /* LaunchScreen.storyboard in Resources */ = {isa = PBXBuildFile; fileRef = FABD2CF31E41651700BC6131 /* LaunchScreen.storyboard */; };
/* End PBXBuildFile section */

/* Begin PBXFileReference section */
		FABD2CE71E41651700BC6131 /* Navegacion en iOS.app */ = {isa = PBXFileReference; explicitFileType = wrapper.application; includeInIndex = 0; path = "Navegacion en iOS.app"; sourceTree = BUILT_PRODUCTS_DIR; };
		FABD2CEA1E41651700BC6131 /* AppDelegate.swift */ = {isa = PBXFileReference; lastKnownFileType = sourcecode.swift; path = AppDelegate.swift; sourceTree = "<group>"; };
		FABD2CEC1E41651700BC6131 /* ViewController.swift */ = {isa = PBXFileReference; lastKnownFileType = sourcecode.swift; path = ViewController.swift; sourceTree = "<group>"; };
		FABD2CEF1E41651700BC6131 /* Base */ = {isa = PBXFileReference; lastKnownFileType = file.storyboard; name = Base; path = Base.lproj/Main.storyboard; sourceTree = "<group>"; };
		FABD2CF11E41651700BC6131 /* Assets.xcassets */ = {isa = PBXFileReference; lastKnownFileType = folder.assetcatalog; path = Assets.xcassets; sourceTree = "<group>"; };
		FABD2CF41E41651700BC6131 /* Base */ = {isa = PBXFileReference; lastKnownFileType = file.storyboard; name = Base; path = Base.lproj/LaunchScreen.storyboard; sourceTree = "<group>"; };
		FABD2CF61E41651700BC6131 /* Info.plist */ = {isa = PBXFileReference; lastKnownFileType = text.plist.xml; path = Info.plist; sourceTree = "<group>"; };
/* End PBXFileReference section */

/* Begin PBXFrameworksBuildPhase section */
		FABD2CE41E41651700BC6131 /* Frameworks */ = {
			isa = PBXFrameworksBuildPhase;
			buildActionMask = 2147483647;
			files = (
			);
			runOnlyForDeploymentPostprocessing = 0;
		};
/* End PBXFrameworksBuildPhase section */

/* Begin PBXGroup section */
		FABD2CDE1E41651700BC6131 = {
			isa = PBXGroup;
			children = (
				FABD2CE91E41651700BC6131 /* Navegacion en iOS */,
				FABD2CE81E41651700BC6131 /* Products */,
			);
			sourceTree = "<group>";
		};
		FABD2CE81E41651700BC6131 /* Products */ = {
			isa = PBXGroup;
			children = (
				FABD2CE71E41651700BC6131 /* Navegacion en iOS.app */,
			);
			name = Products;
			sourceTree = "<group>";
		};
		FABD2CE91E41651700BC6131 /* Navegacion en iOS */ = {
			isa = PBXGroup;
			children = (
				FABD2CEA1E41651700BC6131 /* AppDelegate.swift */,
				FABD2CEC1E41651700BC6131 /* ViewController.swift */,
				FABD2CEE1E41651700BC6131 /* Main.storyboard */,
				FABD2CF11E41651700BC6131 /* Assets.xcassets */,
				FABD2CF31E41651700BC6131 /* LaunchScreen.storyboard */,
				FABD2CF61E41651700BC6131 /* Info.plist */,
			);
			path = "Navegacion en iOS";
			sourceTree = "<group>";
		};
/* End PBXGroup section */

/* Begin PBXNativeTarget section */
		FABD2CE61E41651700BC6131 /* Navegacion en iOS */ = {
			isa = PBXNativeTarget;
			buildConfigurationList = FABD2CF91E41651700BC6131 /* Build configuration list for PBXNativeTarget "Navegacion en iOS" */;
			buildPhases = (
				FABD2CE31E41651700BC6131 /* Sources */,
				FABD2CE41E41651700BC6131 /* Frameworks */,
				FABD2CE51E41651700BC6131 /* Resources */,
			);
			buildRules = (
			);
			dependencies = (
			);
			name = "Navegacion en iOS";
			productName = "Navegacion en iOS";
			productReference = FABD2CE71E41651700BC6131 /* Navegacion en iOS.app */;
			productType = "com.apple.product-type.application";
		};
/* End PBXNativeTarget section */

/* Begin PBXProject section */
		FABD2CDF1E41651700BC6131 /* Project object */ = {
			isa = PBXProject;
			attributes = {
				LastSwiftUpdateCheck = 0820;
				LastUpgradeCheck = 0820;
				ORGANIZATIONNAME = "Area 51";
				TargetAttributes = {
					FABD2CE61E41651700BC6131 = {
						CreatedOnToolsVersion = 8.2.1;
						ProvisioningStyle = Automatic;
					};
				};
			};
			buildConfigurationList = FABD2CE21E41651700BC6131 /* Build configuration list for PBXProject "Navegacion en iOS" */;
			compatibilityVersion = "Xcode 3.2";
			developmentRegion = English;
			hasScannedForEncodings = 0;
			knownRegions = (
				en,
				Base,
			);
			mainGroup = FABD2CDE1E41651700BC6131;
			productRefGroup = FABD2CE81E41651700BC6131 /* Products */;
			projectDirPath = "";
			projectRoot = "";
			targets = (
				FABD2CE61E41651700BC6131 /* Navegacion en iOS */,
			);
		};
/* End PBXProject section */

/* Begin PBXResourcesBuildPhase section */
		FABD2CE51E41651700BC6131 /* Resources */ = {
			isa = PBXResourcesBuildPhase;
			buildActionMask = 2147483647;
			files = (
				FABD2CF51E41651700BC6131 /* LaunchScreen.storyboard in Resources */,
				FABD2CF21E41651700BC6131 /* Assets.xcassets in Resources */,
				FABD2CF01E41651700BC6131 /* Main.storyboard in Resources */,
			);
			runOnlyForDeploymentPostprocessing = 0;
		};
/* End PBXResourcesBuildPhase section */

/* Begin PBXSourcesBuildPhase section */
		FABD2CE31E41651700BC6131 /* Sources */ = {
			isa = PBXSourcesBuildPhase;
			buildActionMask = 2147483647;
			files = (
				FABD2CED1E41651700BC6131 /* ViewController.swift in Sources */,
				FABD2CEB1E41651700BC6131 /* AppDelegate.swift in Sources */,
			);
			runOnlyForDeploymentPostprocessing = 0;
		};
/* End PBXSourcesBuildPhase section */

/* Begin PBXVariantGroup section */
		FABD2CEE1E41651700BC6131 /* Main.storyboard */ = {
			isa = PBXVariantGroup;
			children = (
				FABD2CEF1E41651700BC6131 /* Base */,
			);
			name = Main.storyboard;
			sourceTree = "<group>";
		};
		FABD2CF31E41651700BC6131 /* LaunchScreen.storyboard */ = {
			isa = PBXVariantGroup;
			children = (
				FABD2CF41E41651700BC6131 /* Base */,
			);
			name = LaunchScreen.storyboard;
			sourceTree = "<group>";
		};
/* End PBXVariantGroup section */

/* Begin XCBuildConfiguration section */
		FABD2CF71E41651700BC6131 /* Debug */ = {
			isa = XCBuildConfiguration;
			buildSettings = {
				ALWAYS_SEARCH_USER_PATHS = NO;
				CLANG_ANALYZER_NONNULL = YES;
				CLANG_CXX_LANGUAGE_STANDARD = "gnu++0x";
				CLANG_CXX_LIBRARY = "libc++";
				CLANG_ENABLE_MODULES = YES;
				CLANG_ENABLE_OBJC_ARC = YES;
				CLANG_WARN_BOOL_CONVERSION = YES;
				CLANG_WARN_CONSTANT_CONVERSION = YES;
				CLANG_WARN_DIRECT_OBJC_ISA_USAGE = YES_ERROR;
				CLANG_WARN_DOCUMENTATION_COMMENTS = YES;
				CLANG_WARN_EMPTY_BODY = YES;
				CLANG_WARN_ENUM_CONVERSION = YES;
				CLANG_WARN_INFINITE_RECURSION = YES;
				CLANG_WARN_INT_CONVERSION = YES;
				CLANG_WARN_OBJC_ROOT_CLASS = YES_ERROR;
				CLANG_WARN_SUSPICIOUS_MOVE = YES;
				CLANG_WARN_UNREACHABLE_CODE = YES;
				CLANG_WARN__DUPLICATE_METHOD_MATCH = YES;
				"CODE_SIGN_IDENTITY[sdk=iphoneos*]" = "iPhone Developer";
				COPY_PHASE_STRIP = NO;
				DEBUG_INFORMATION_FORMAT = dwarf;
				ENABLE_STRICT_OBJC_MSGSEND = YES;
				ENABLE_TESTABILITY = YES;
				GCC_C_LANGUAGE_STANDARD = gnu99;
				GCC_DYNAMIC_NO_PIC = NO;
				GCC_NO_COMMON_BLOCKS = YES;
				GCC_OPTIMIZATION_LEVEL = 0;
				GCC_PREPROCESSOR_DEFINITIONS = (
					"DEBUG=1",
					"$(inherited)",
				);
				GCC_WARN_64_TO_32_BIT_CONVERSION = YES;
				GCC_WARN_ABOUT_RETURN_TYPE = YES_ERROR;
				GCC_WARN_UNDECLARED_SELECTOR = YES;
				GCC_WARN_UNINITIALIZED_AUTOS = YES_AGGRESSIVE;
				GCC_WARN_UNUSED_FUNCTION = YES;
				GCC_WARN_UNUSED_VARIABLE = YES;
				IPHONEOS_DEPLOYMENT_TARGET = 10.2;
				MTL_ENABLE_DEBUG_INFO = YES;
				ONLY_ACTIVE_ARCH = YES;
				SDKROOT = iphoneos;
				SWIFT_ACTIVE_COMPILATION_CONDITIONS = DEBUG;
				SWIFT_OPTIMIZATION_LEVEL = "-Onone";
			};
			name = Debug;
		};
		FABD2CF81E41651700BC6131 /* Release */ = {
			isa = XCBuildConfiguration;
			buildSettings = {
				ALWAYS_SEARCH_USER_PATHS = NO;
				CLANG_ANALYZER_NONNULL = YES;
				CLANG_CXX_LANGUAGE_STANDARD = "gnu++0x";
				CLANG_CXX_LIBRARY = "libc++";
				CLANG_ENABLE_MODULES = YES;
				CLANG_ENABLE_OBJC_ARC = YES;
				CLANG_WARN_BOOL_CONVERSION = YES;
				CLANG_WARN_CONSTANT_CONVERSION = YES;
				CLANG_WARN_DIRECT_OBJC_ISA_USAGE = YES_ERROR;
				CLANG_WARN_DOCUMENTATION_COMMENTS = YES;
				CLANG_WARN_EMPTY_BODY = YES;
				CLANG_WARN_ENUM_CONVERSION = YES;
				CLANG_WARN_INFINITE_RECURSION = YES;
				CLANG_WARN_INT_CONVERSION = YES;
				CLANG_WARN_OBJC_ROOT_CLASS = YES_ERROR;
				CLANG_WARN_SUSPICIOUS_MOVE = YES;
				CLANG_WARN_UNREACHABLE_CODE = YES;
				CLANG_WARN__DUPLICATE_METHOD_MATCH = YES;
				"CODE_SIGN_IDENTITY[sdk=iphoneos*]" = "iPhone Developer";
				COPY_PHASE_STRIP = NO;
				DEBUG_INFORMATION_FORMAT = "dwarf-with-dsym";
				ENABLE_NS_ASSERTIONS = NO;
				ENABLE_STRICT_OBJC_MSGSEND = YES;
				GCC_C_LANGUAGE_STANDARD = gnu99;
				GCC_NO_COMMON_BLOCKS = YES;
				GCC_WARN_64_TO_32_BIT_CONVERSION = YES;
				GCC_WARN_ABOUT_RETURN_TYPE = YES_ERROR;
				GCC_WARN_UNDECLARED_SELECTOR = YES;
				GCC_WARN_UNINITIALIZED_AUTOS = YES_AGGRESSIVE;
				GCC_WARN_UNUSED_FUNCTION = YES;
				GCC_WARN_UNUSED_VARIABLE = YES;
				IPHONEOS_DEPLOYMENT_TARGET = 10.2;
				MTL_ENABLE_DEBUG_INFO = NO;
				SDKROOT = iphoneos;
				SWIFT_OPTIMIZATION_LEVEL = "-Owholemodule";
				VALIDATE_PRODUCT = YES;
			};
			name = Release;
		};
		FABD2CFA1E41651700BC6131 /* Debug */ = {
			isa = XCBuildConfiguration;
			buildSettings = {
				ASSETCATALOG_COMPILER_APPICON_NAME = AppIcon;
				INFOPLIST_FILE = "Navegacion en iOS/Info.plist";
				LD_RUNPATH_SEARCH_PATHS = "$(inherited) @executable_path/Frameworks";
				PRODUCT_BUNDLE_IDENTIFIER = "pe.area51.Navegacion-en-iOS";
				PRODUCT_NAME = "$(TARGET_NAME)";
				SWIFT_VERSION = 3.0;
			};
			name = Debug;
		};
		FABD2CFB1E41651700BC6131 /* Release */ = {
			isa = XCBuildConfiguration;
			buildSettings = {
				ASSETCATALOG_COMPILER_APPICON_NAME = AppIcon;
				INFOPLIST_FILE = "Navegacion en iOS/Info.plist";
				LD_RUNPATH_SEARCH_PATHS = "$(inherited) @executable_path/Frameworks";
				PRODUCT_BUNDLE_IDENTIFIER = "pe.area51.Navegacion-en-iOS";
				PRODUCT_NAME = "$(TARGET_NAME)";
				SWIFT_VERSION = 3.0;
			};
			name = Release;
		};
/* End XCBuildConfiguration section */

/* Begin XCConfigurationList section */
		FABD2CE21E41651700BC6131 /* Build configuration list for PBXProject "Navegacion en iOS" */ = {
			isa = XCConfigurationList;
			buildConfigurations = (
				FABD2CF71E41651700BC6131 /* Debug */,
				FABD2CF81E41651700BC6131 /* Release */,
			);
			defaultConfigurationIsVisible = 0;
			defaultConfigurationName = Release;
		};
		FABD2CF91E41651700BC6131 /* Build configuration list for PBXNativeTarget "Navegacion en iOS" */ = {
			isa = XCConfigurationList;
			buildConfigurations = (
				FABD2CFA1E41651700BC6131 /* Debug */,
				FABD2CFB1E41651700BC6131 /* Release */,
			);
			defaultConfigurationIsVisible = 0;
		};
/* End XCConfigurationList section */
	};
	rootObject = FABD2CDF1E41651700BC6131 /* Project object */;
}
